
Microsoft Visual Studio Solution File, Format Version 12.00
# Visual Studio Version 16
VisualStudioVersion = 16.0.32901.82
MinimumVisualStudioVersion = 10.0.40219.1
Project("{FAE04EC0-301F-11D3-BF4B-00C04F79EFBC}") = "lab_5", "lab_5\lab_5.csproj", "{BE01ED42-FD10-4AC7-A07B-281EC11B221C}"
EndProject
Global
	GlobalSection(SolutionConfigurationPlatforms) = preSolution
		Debug|Any CPU = Debug|Any CPU
		Release|Any CPU = Release|Any CPU
	EndGlobalSection
	GlobalSection(ProjectConfigurationPlatforms) = postSolution
		{BE01ED42-FD10-4AC7-A07B-281EC11B221C}.Debug|Any CPU.ActiveCfg = Debug|Any CPU
		{BE01ED42-FD10-4AC7-A07B-281EC11B221C}.Debug|Any CPU.Build.0 = Debug|Any CPU
		{BE01ED42-FD10-4AC7-A07B-281EC11B221C}.Release|Any CPU.ActiveCfg = Release|Any CPU
		{BE01ED42-FD10-4AC7-A07B-281EC11B221C}.Release|Any CPU.Build.0 = Release|Any CPU
	EndGlobalSection
	GlobalSection(SolutionProperties) = preSolution
		HideSolutionNode = FALSE
	EndGlobalSection
	GlobalSection(ExtensibilityGlobals) = postSolution
		SolutionGuid = {4C5601DB-E967-4793-BF8D-4B09E7E2E0D5}
	EndGlobalSection
EndGlobal
